
Microsoft Visual Studio Solution File, Format Version 12.00
# Visual Studio Version 16
VisualStudioVersion = 16.0.31424.327
MinimumVisualStudioVersion = 10.0.40219.1
Project("{FAE04EC0-301F-11D3-BF4B-00C04F79EFBC}") = "My-Briefcase", "My-Briefcase\My-Briefcase.csproj", "{32FFADA8-1FF8-4916-B900-CD2E9D8CA93F}"
EndProject
Global
	GlobalSection(SolutionConfigurationPlatforms) = preSolution
		Debug|Any CPU = Debug|Any CPU
		Release|Any CPU = Release|Any CPU
	EndGlobalSection
	GlobalSection(ProjectConfigurationPlatforms) = postSolution
		{32FFADA8-1FF8-4916-B900-CD2E9D8CA93F}.Debug|Any CPU.ActiveCfg = Debug|Any CPU
		{32FFADA8-1FF8-4916-B900-CD2E9D8CA93F}.Debug|Any CPU.Build.0 = Debug|Any CPU
		{32FFADA8-1FF8-4916-B900-CD2E9D8CA93F}.Release|Any CPU.ActiveCfg = Release|Any CPU
		{32FFADA8-1FF8-4916-B900-CD2E9D8CA93F}.Release|Any CPU.Build.0 = Release|Any CPU
	EndGlobalSection
	GlobalSection(SolutionProperties) = preSolution
		HideSolutionNode = FALSE
	EndGlobalSection
	GlobalSection(ExtensibilityGlobals) = postSolution
		SolutionGuid = {9EA77261-B90A-44A9-982E-FB5D753E52A3}
	EndGlobalSection
EndGlobal
